
Microsoft Visual Studio Solution File, Format Version 12.00
# Visual Studio 14
VisualStudioVersion = 14.0.24720.0
MinimumVisualStudioVersion = 10.0.40219.1
Project("{FAE04EC0-301F-11D3-BF4B-00C04F79EFBC}") = "Parcial_04", "Parcial_04\Parcial_04.csproj", "{0D8F5399-5A3C-4768-B4BF-9AF242F346AD}"
EndProject
Global
	GlobalSection(SolutionConfigurationPlatforms) = preSolution
		Debug|Any CPU = Debug|Any CPU
		Release|Any CPU = Release|Any CPU
	EndGlobalSection
	GlobalSection(ProjectConfigurationPlatforms) = postSolution
		{0D8F5399-5A3C-4768-B4BF-9AF242F346AD}.Debug|Any CPU.ActiveCfg = Debug|Any CPU
		{0D8F5399-5A3C-4768-B4BF-9AF242F346AD}.Debug|Any CPU.Build.0 = Debug|Any CPU
		{0D8F5399-5A3C-4768-B4BF-9AF242F346AD}.Release|Any CPU.ActiveCfg = Release|Any CPU
		{0D8F5399-5A3C-4768-B4BF-9AF242F346AD}.Release|Any CPU.Build.0 = Release|Any CPU
	EndGlobalSection
	GlobalSection(SolutionProperties) = preSolution
		HideSolutionNode = FALSE
	EndGlobalSection
EndGlobal
